
Microsoft Visual Studio Solution File, Format Version 12.00
# Visual Studio Version 17
VisualStudioVersion = 17.0.31903.59
MinimumVisualStudioVersion = 10.0.40219.1
Project("{9A19103F-16F7-4668-BE54-9A1E7A4F7556}") = "UnitTestingHomework", "UnitTestingHomework\UnitTestingHomework.csproj", "{B68CB554-AD7D-4E07-9BB2-31423DCC5579}"
EndProject
Project("{9A19103F-16F7-4668-BE54-9A1E7A4F7556}") = "ComplexUnitTestingHomeworkWeek2", "ComplexUnitTestingHomeworkWeek2\ComplexUnitTestingHomeworkWeek2.csproj", "{357C64D1-8ED7-4B41-814B-AA37D7952482}"
EndProject
Project("{9A19103F-16F7-4668-BE54-9A1E7A4F7556}") = "ImageProcessorApp", "ImageProcessorApp\ImageProcessorApp.csproj", "{719D1FD6-DBBC-4A8B-A385-8846355B0094}"
EndProject
Project("{9A19103F-16F7-4668-BE54-9A1E7A4F7556}") = "Week04", "Week04\Week04.csproj", "{24A46DA1-37BC-4EA3-A1E3-72DC4F4D9CAE}"
EndProject
Project("{FAE04EC0-301F-11D3-BF4B-00C04F79EFBC}") = "Week05", "Week05\Week05.csproj", "{B508B166-2321-4082-B8F4-991143FEAE94}"
EndProject
Project("{FAE04EC0-301F-11D3-BF4B-00C04F79EFBC}") = "CourseMagagementSystem", "CourseMagagementSystem\CourseMagagementSystem.csproj", "{874138BF-1811-43E8-AF8F-490B0A440147}"
EndProject
Project("{FAE04EC0-301F-11D3-BF4B-00C04F79EFBC}") = "CourseManagementSystemTests", "CourseManagementSystemTests\CourseManagementSystemTests.csproj", "{F079E2E8-FDAD-411D-87A6-2C3A95F47A2C}"
EndProject
Global
	GlobalSection(SolutionConfigurationPlatforms) = preSolution
		Debug|Any CPU = Debug|Any CPU
		Release|Any CPU = Release|Any CPU
	EndGlobalSection
	GlobalSection(ProjectConfigurationPlatforms) = postSolution
		{B68CB554-AD7D-4E07-9BB2-31423DCC5579}.Debug|Any CPU.ActiveCfg = Debug|Any CPU
		{B68CB554-AD7D-4E07-9BB2-31423DCC5579}.Debug|Any CPU.Build.0 = Debug|Any CPU
		{B68CB554-AD7D-4E07-9BB2-31423DCC5579}.Release|Any CPU.ActiveCfg = Release|Any CPU
		{B68CB554-AD7D-4E07-9BB2-31423DCC5579}.Release|Any CPU.Build.0 = Release|Any CPU
		{357C64D1-8ED7-4B41-814B-AA37D7952482}.Debug|Any CPU.ActiveCfg = Debug|Any CPU
		{357C64D1-8ED7-4B41-814B-AA37D7952482}.Debug|Any CPU.Build.0 = Debug|Any CPU
		{357C64D1-8ED7-4B41-814B-AA37D7952482}.Release|Any CPU.ActiveCfg = Release|Any CPU
		{357C64D1-8ED7-4B41-814B-AA37D7952482}.Release|Any CPU.Build.0 = Release|Any CPU
		{719D1FD6-DBBC-4A8B-A385-8846355B0094}.Debug|Any CPU.ActiveCfg = Debug|Any CPU
		{719D1FD6-DBBC-4A8B-A385-8846355B0094}.Debug|Any CPU.Build.0 = Debug|Any CPU
		{719D1FD6-DBBC-4A8B-A385-8846355B0094}.Release|Any CPU.ActiveCfg = Release|Any CPU
		{719D1FD6-DBBC-4A8B-A385-8846355B0094}.Release|Any CPU.Build.0 = Release|Any CPU
		{24A46DA1-37BC-4EA3-A1E3-72DC4F4D9CAE}.Debug|Any CPU.ActiveCfg = Debug|Any CPU
		{24A46DA1-37BC-4EA3-A1E3-72DC4F4D9CAE}.Debug|Any CPU.Build.0 = Debug|Any CPU
		{24A46DA1-37BC-4EA3-A1E3-72DC4F4D9CAE}.Release|Any CPU.ActiveCfg = Release|Any CPU
		{24A46DA1-37BC-4EA3-A1E3-72DC4F4D9CAE}.Release|Any CPU.Build.0 = Release|Any CPU
		{B508B166-2321-4082-B8F4-991143FEAE94}.Debug|Any CPU.ActiveCfg = Debug|Any CPU
		{B508B166-2321-4082-B8F4-991143FEAE94}.Debug|Any CPU.Build.0 = Debug|Any CPU
		{B508B166-2321-4082-B8F4-991143FEAE94}.Release|Any CPU.ActiveCfg = Release|Any CPU
		{B508B166-2321-4082-B8F4-991143FEAE94}.Release|Any CPU.Build.0 = Release|Any CPU
		{874138BF-1811-43E8-AF8F-490B0A440147}.Debug|Any CPU.ActiveCfg = Debug|Any CPU
		{874138BF-1811-43E8-AF8F-490B0A440147}.Debug|Any CPU.Build.0 = Debug|Any CPU
		{874138BF-1811-43E8-AF8F-490B0A440147}.Release|Any CPU.ActiveCfg = Release|Any CPU
		{874138BF-1811-43E8-AF8F-490B0A440147}.Release|Any CPU.Build.0 = Release|Any CPU
		{F079E2E8-FDAD-411D-87A6-2C3A95F47A2C}.Debug|Any CPU.ActiveCfg = Debug|Any CPU
		{F079E2E8-FDAD-411D-87A6-2C3A95F47A2C}.Debug|Any CPU.Build.0 = Debug|Any CPU
		{F079E2E8-FDAD-411D-87A6-2C3A95F47A2C}.Release|Any CPU.ActiveCfg = Release|Any CPU
		{F079E2E8-FDAD-411D-87A6-2C3A95F47A2C}.Release|Any CPU.Build.0 = Release|Any CPU
	EndGlobalSection
	GlobalSection(SolutionProperties) = preSolution
		HideSolutionNode = FALSE
	EndGlobalSection
	GlobalSection(ExtensibilityGlobals) = postSolution
		SolutionGuid = {23AFA6C5-60C8-453F-B31A-38878A28032C}
	EndGlobalSection
EndGlobal
